
Microsoft Visual Studio Solution File, Format Version 12.00
# Visual Studio Version 16
VisualStudioVersion = 16.0.28803.202
MinimumVisualStudioVersion = 10.0.40219.1
Project("{FAE04EC0-301F-11D3-BF4B-00C04F79EFBC}") = "16.07", "16.07\16.07.csproj", "{C7D98970-B515-4CA9-B953-B490B1F2D72D}"
EndProject
Global
	GlobalSection(SolutionConfigurationPlatforms) = preSolution
		Debug|Any CPU = Debug|Any CPU
		Release|Any CPU = Release|Any CPU
	EndGlobalSection
	GlobalSection(ProjectConfigurationPlatforms) = postSolution
		{C7D98970-B515-4CA9-B953-B490B1F2D72D}.Debug|Any CPU.ActiveCfg = Debug|Any CPU
		{C7D98970-B515-4CA9-B953-B490B1F2D72D}.Debug|Any CPU.Build.0 = Debug|Any CPU
		{C7D98970-B515-4CA9-B953-B490B1F2D72D}.Release|Any CPU.ActiveCfg = Release|Any CPU
		{C7D98970-B515-4CA9-B953-B490B1F2D72D}.Release|Any CPU.Build.0 = Release|Any CPU
	EndGlobalSection
	GlobalSection(SolutionProperties) = preSolution
		HideSolutionNode = FALSE
	EndGlobalSection
	GlobalSection(ExtensibilityGlobals) = postSolution
		SolutionGuid = {9B55F10A-6141-4914-ADB2-EFF03B702635}
	EndGlobalSection
EndGlobal
